
Microsoft Visual Studio Solution File, Format Version 12.00
# Visual Studio Version 16
VisualStudioVersion = 16.0.30907.101
MinimumVisualStudioVersion = 10.0.40219.1
Project("{FAE04EC0-301F-11D3-BF4B-00C04F79EFBC}") = "Monopoly", "Monopoly\Monopoly.csproj", "{46C28D42-4D21-4275-B181-F4CF9136A4DE}"
EndProject
Global
	GlobalSection(SolutionConfigurationPlatforms) = preSolution
		Debug|Any CPU = Debug|Any CPU
		Release|Any CPU = Release|Any CPU
	EndGlobalSection
	GlobalSection(ProjectConfigurationPlatforms) = postSolution
		{46C28D42-4D21-4275-B181-F4CF9136A4DE}.Debug|Any CPU.ActiveCfg = Debug|Any CPU
		{46C28D42-4D21-4275-B181-F4CF9136A4DE}.Debug|Any CPU.Build.0 = Debug|Any CPU
		{46C28D42-4D21-4275-B181-F4CF9136A4DE}.Release|Any CPU.ActiveCfg = Release|Any CPU
		{46C28D42-4D21-4275-B181-F4CF9136A4DE}.Release|Any CPU.Build.0 = Release|Any CPU
	EndGlobalSection
	GlobalSection(SolutionProperties) = preSolution
		HideSolutionNode = FALSE
	EndGlobalSection
	GlobalSection(ExtensibilityGlobals) = postSolution
		SolutionGuid = {C36DC9D4-4136-422F-B648-AA7F383CFB28}
	EndGlobalSection
EndGlobal
